// !$*UTF8*$!
{
	archiveVersion = 1;
	classes = {
	};
	objectVersion = 51;
	objects = {

/* Begin PBXBuildFile section */
		13DD2B1D747DA13F4A017898 /* Pods_Marvel.framework in Frameworks */ = {isa = PBXBuildFile; fileRef = B0921F4B29B92A5317F80767 /* Pods_Marvel.framework */; };
		922B6D172588E36500A22E5E /* CreatorsViewModel.swift in Sources */ = {isa = PBXBuildFile; fileRef = 922B6D162588E36500A22E5E /* CreatorsViewModel.swift */; };
		922B6D1A2588E3F900A22E5E /* CreatorCellViewModel.swift in Sources */ = {isa = PBXBuildFile; fileRef = 922B6D192588E3F900A22E5E /* CreatorCellViewModel.swift */; };
		922FC4D32588E5E6000A1FB7 /* CharacterTableViewCell.swift in Sources */ = {isa = PBXBuildFile; fileRef = 922FC4D22588E5E6000A1FB7 /* CharacterTableViewCell.swift */; };
		922FC4DD2588E861000A1FB7 /* CreatorTableViewCell.swift in Sources */ = {isa = PBXBuildFile; fileRef = 922FC4DB2588E861000A1FB7 /* CreatorTableViewCell.swift */; };
		922FC4DE2588E861000A1FB7 /* CreatorTableViewCell.xib in Resources */ = {isa = PBXBuildFile; fileRef = 922FC4DC2588E861000A1FB7 /* CreatorTableViewCell.xib */; };
		922FC4E22588F338000A1FB7 /* ComicsMember.swift in Sources */ = {isa = PBXBuildFile; fileRef = 922FC4E12588F338000A1FB7 /* ComicsMember.swift */; };
		922FC4E52588F440000A1FB7 /* Comics.swift in Sources */ = {isa = PBXBuildFile; fileRef = 922FC4E42588F440000A1FB7 /* Comics.swift */; };
		922FC4EE2588F930000A1FB7 /* ComicsTableViewCell.swift in Sources */ = {isa = PBXBuildFile; fileRef = 922FC4EC2588F930000A1FB7 /* ComicsTableViewCell.swift */; };
		922FC4EF2588F930000A1FB7 /* ComicsTableViewCell.xib in Resources */ = {isa = PBXBuildFile; fileRef = 922FC4ED2588F930000A1FB7 /* ComicsTableViewCell.xib */; };
		922FC4F92588FD10000A1FB7 /* ComicsViewModel.swift in Sources */ = {isa = PBXBuildFile; fileRef = 922FC4F82588FD10000A1FB7 /* ComicsViewModel.swift */; };
		922FC4FC258901DC000A1FB7 /* ComicsCellViewModel.swift in Sources */ = {isa = PBXBuildFile; fileRef = 922FC4FB258901DC000A1FB7 /* ComicsCellViewModel.swift */; };
		924E3CEA2588098F002946DB /* CharacterCellViewModel.swift in Sources */ = {isa = PBXBuildFile; fileRef = 924E3CE92588098F002946DB /* CharacterCellViewModel.swift */; };
		925D509725891F0900A87F42 /* ComicsViewController.swift in Sources */ = {isa = PBXBuildFile; fileRef = 925D509625891F0900A87F42 /* ComicsViewController.swift */; };
		92A93E202587BA3D001B9C4A /* AppDelegate.swift in Sources */ = {isa = PBXBuildFile; fileRef = 92A93E1F2587BA3D001B9C4A /* AppDelegate.swift */; };
		92A93E222587BA3D001B9C4A /* SceneDelegate.swift in Sources */ = {isa = PBXBuildFile; fileRef = 92A93E212587BA3D001B9C4A /* SceneDelegate.swift */; };
		92A93E272587BA3D001B9C4A /* Main.storyboard in Resources */ = {isa = PBXBuildFile; fileRef = 92A93E252587BA3D001B9C4A /* Main.storyboard */; };
		92A93E292587BA3F001B9C4A /* Assets.xcassets in Resources */ = {isa = PBXBuildFile; fileRef = 92A93E282587BA3F001B9C4A /* Assets.xcassets */; };
		92A93E2C2587BA3F001B9C4A /* LaunchScreen.storyboard in Resources */ = {isa = PBXBuildFile; fileRef = 92A93E2A2587BA3F001B9C4A /* LaunchScreen.storyboard */; };
		92A93E3B2587BB37001B9C4A /* CharactersViewController.swift in Sources */ = {isa = PBXBuildFile; fileRef = 92A93E3A2587BB37001B9C4A /* CharactersViewController.swift */; };
		92A93E3E2587BB44001B9C4A /* CreatorsViewController.swift in Sources */ = {isa = PBXBuildFile; fileRef = 92A93E3D2587BB44001B9C4A /* CreatorsViewController.swift */; };
		92A93E4C2587BC46001B9C4A /* CharacterTableViewCell.xib in Resources */ = {isa = PBXBuildFile; fileRef = 92A93E4A2587BC46001B9C4A /* CharacterTableViewCell.xib */; };
		92A93E4F2587BC9C001B9C4A /* Keys.swift in Sources */ = {isa = PBXBuildFile; fileRef = 92A93E4E2587BC9C001B9C4A /* Keys.swift */; };
		92A93E522587BCB3001B9C4A /* Constants.swift in Sources */ = {isa = PBXBuildFile; fileRef = 92A93E512587BCB3001B9C4A /* Constants.swift */; };
		92A93E552587C994001B9C4A /* Characters.swift in Sources */ = {isa = PBXBuildFile; fileRef = 92A93E542587C994001B9C4A /* Characters.swift */; };
		92A93E582587C9B2001B9C4A /* Creators.swift in Sources */ = {isa = PBXBuildFile; fileRef = 92A93E572587C9B2001B9C4A /* Creators.swift */; };
		92A93E5C2587C9C2001B9C4A /* Thumbnail.swift in Sources */ = {isa = PBXBuildFile; fileRef = 92A93E5B2587C9C2001B9C4A /* Thumbnail.swift */; };
		92A93E5F2587CA2E001B9C4A /* MarvelService.swift in Sources */ = {isa = PBXBuildFile; fileRef = 92A93E5E2587CA2E001B9C4A /* MarvelService.swift */; };
		92A93E662587CAF4001B9C4A /* Enums.swift in Sources */ = {isa = PBXBuildFile; fileRef = 92A93E652587CAF4001B9C4A /* Enums.swift */; };
		92A93E692587CB05001B9C4A /* Extensions.swift in Sources */ = {isa = PBXBuildFile; fileRef = 92A93E682587CB05001B9C4A /* Extensions.swift */; };
		92A93E6C2587CB3F001B9C4A /* CharactersViewModel.swift in Sources */ = {isa = PBXBuildFile; fileRef = 92A93E6B2587CB3F001B9C4A /* CharactersViewModel.swift */; };
/* End PBXBuildFile section */

/* Begin PBXFileReference section */
		0E6E8932C6A963E3F6F64A28 /* Pods-Marvel.release.xcconfig */ = {isa = PBXFileReference; includeInIndex = 1; lastKnownFileType = text.xcconfig; name = "Pods-Marvel.release.xcconfig"; path = "Target Support Files/Pods-Marvel/Pods-Marvel.release.xcconfig"; sourceTree = "<group>"; };
		8F6D34F0A70C520BED7612A0 /* Pods-Marvel.debug.xcconfig */ = {isa = PBXFileReference; includeInIndex = 1; lastKnownFileType = text.xcconfig; name = "Pods-Marvel.debug.xcconfig"; path = "Target Support Files/Pods-Marvel/Pods-Marvel.debug.xcconfig"; sourceTree = "<group>"; };
		922B6D162588E36500A22E5E /* CreatorsViewModel.swift */ = {isa = PBXFileReference; lastKnownFileType = sourcecode.swift; path = CreatorsViewModel.swift; sourceTree = "<group>"; };
		922B6D192588E3F900A22E5E /* CreatorCellViewModel.swift */ = {isa = PBXFileReference; lastKnownFileType = sourcecode.swift; path = CreatorCellViewModel.swift; sourceTree = "<group>"; };
		922FC4D22588E5E6000A1FB7 /* CharacterTableViewCell.swift */ = {isa = PBXFileReference; lastKnownFileType = sourcecode.swift; path = CharacterTableViewCell.swift; sourceTree = "<group>"; };
		922FC4DB2588E861000A1FB7 /* CreatorTableViewCell.swift */ = {isa = PBXFileReference; lastKnownFileType = sourcecode.swift; path = CreatorTableViewCell.swift; sourceTree = "<group>"; };
		922FC4DC2588E861000A1FB7 /* CreatorTableViewCell.xib */ = {isa = PBXFileReference; lastKnownFileType = file.xib; path = CreatorTableViewCell.xib; sourceTree = "<group>"; };
		922FC4E12588F338000A1FB7 /* ComicsMember.swift */ = {isa = PBXFileReference; lastKnownFileType = sourcecode.swift; path = ComicsMember.swift; sourceTree = "<group>"; };
		922FC4E42588F440000A1FB7 /* Comics.swift */ = {isa = PBXFileReference; lastKnownFileType = sourcecode.swift; path = Comics.swift; sourceTree = "<group>"; };
		922FC4EC2588F930000A1FB7 /* ComicsTableViewCell.swift */ = {isa = PBXFileReference; lastKnownFileType = sourcecode.swift; path = ComicsTableViewCell.swift; sourceTree = "<group>"; };
		922FC4ED2588F930000A1FB7 /* ComicsTableViewCell.xib */ = {isa = PBXFileReference; lastKnownFileType = file.xib; path = ComicsTableViewCell.xib; sourceTree = "<group>"; };
		922FC4F82588FD10000A1FB7 /* ComicsViewModel.swift */ = {isa = PBXFileReference; lastKnownFileType = sourcecode.swift; path = ComicsViewModel.swift; sourceTree = "<group>"; };
		922FC4FB258901DC000A1FB7 /* ComicsCellViewModel.swift */ = {isa = PBXFileReference; lastKnownFileType = sourcecode.swift; path = ComicsCellViewModel.swift; sourceTree = "<group>"; };
		924E3CE92588098F002946DB /* CharacterCellViewModel.swift */ = {isa = PBXFileReference; lastKnownFileType = sourcecode.swift; path = CharacterCellViewModel.swift; sourceTree = "<group>"; };
		925D509625891F0900A87F42 /* ComicsViewController.swift */ = {isa = PBXFileReference; lastKnownFileType = sourcecode.swift; path = ComicsViewController.swift; sourceTree = "<group>"; };
		92A93E1C2587BA3D001B9C4A /* Marvel.app */ = {isa = PBXFileReference; explicitFileType = wrapper.application; includeInIndex = 0; path = Marvel.app; sourceTree = BUILT_PRODUCTS_DIR; };
		92A93E1F2587BA3D001B9C4A /* AppDelegate.swift */ = {isa = PBXFileReference; lastKnownFileType = sourcecode.swift; path = AppDelegate.swift; sourceTree = "<group>"; };
		92A93E212587BA3D001B9C4A /* SceneDelegate.swift */ = {isa = PBXFileReference; lastKnownFileType = sourcecode.swift; path = SceneDelegate.swift; sourceTree = "<group>"; };
		92A93E262587BA3D001B9C4A /* Base */ = {isa = PBXFileReference; lastKnownFileType = file.storyboard; name = Base; path = Base.lproj/Main.storyboard; sourceTree = "<group>"; };
		92A93E282587BA3F001B9C4A /* Assets.xcassets */ = {isa = PBXFileReference; lastKnownFileType = folder.assetcatalog; path = Assets.xcassets; sourceTree = "<group>"; };
		92A93E2B2587BA3F001B9C4A /* Base */ = {isa = PBXFileReference; lastKnownFileType = file.storyboard; name = Base; path = Base.lproj/LaunchScreen.storyboard; sourceTree = "<group>"; };
		92A93E2D2587BA3F001B9C4A /* Info.plist */ = {isa = PBXFileReference; lastKnownFileType = text.plist.xml; path = Info.plist; sourceTree = "<group>"; };
		92A93E3A2587BB37001B9C4A /* CharactersViewController.swift */ = {isa = PBXFileReference; lastKnownFileType = sourcecode.swift; path = CharactersViewController.swift; sourceTree = "<group>"; };
		92A93E3D2587BB44001B9C4A /* CreatorsViewController.swift */ = {isa = PBXFileReference; lastKnownFileType = sourcecode.swift; path = CreatorsViewController.swift; sourceTree = "<group>"; };
		92A93E4A2587BC46001B9C4A /* CharacterTableViewCell.xib */ = {isa = PBXFileReference; lastKnownFileType = file.xib; path = CharacterTableViewCell.xib; sourceTree = "<group>"; };
		92A93E4E2587BC9C001B9C4A /* Keys.swift */ = {isa = PBXFileReference; lastKnownFileType = sourcecode.swift; path = Keys.swift; sourceTree = "<group>"; };
		92A93E512587BCB3001B9C4A /* Constants.swift */ = {isa = PBXFileReference; lastKnownFileType = sourcecode.swift; path = Constants.swift; sourceTree = "<group>"; };
		92A93E542587C994001B9C4A /* Characters.swift */ = {isa = PBXFileReference; lastKnownFileType = sourcecode.swift; path = Characters.swift; sourceTree = "<group>"; };
		92A93E572587C9B2001B9C4A /* Creators.swift */ = {isa = PBXFileReference; lastKnownFileType = sourcecode.swift; path = Creators.swift; sourceTree = "<group>"; };
		92A93E5B2587C9C2001B9C4A /* Thumbnail.swift */ = {isa = PBXFileReference; lastKnownFileType = sourcecode.swift; path = Thumbnail.swift; sourceTree = "<group>"; };
		92A93E5E2587CA2E001B9C4A /* MarvelService.swift */ = {isa = PBXFileReference; lastKnownFileType = sourcecode.swift; path = MarvelService.swift; sourceTree = "<group>"; };
		92A93E652587CAF4001B9C4A /* Enums.swift */ = {isa = PBXFileReference; lastKnownFileType = sourcecode.swift; path = Enums.swift; sourceTree = "<group>"; };
		92A93E682587CB05001B9C4A /* Extensions.swift */ = {isa = PBXFileReference; lastKnownFileType = sourcecode.swift; path = Extensions.swift; sourceTree = "<group>"; };
		92A93E6B2587CB3F001B9C4A /* CharactersViewModel.swift */ = {isa = PBXFileReference; lastKnownFileType = sourcecode.swift; path = CharactersViewModel.swift; sourceTree = "<group>"; };
		B0921F4B29B92A5317F80767 /* Pods_Marvel.framework */ = {isa = PBXFileReference; explicitFileType = wrapper.framework; includeInIndex = 0; path = Pods_Marvel.framework; sourceTree = BUILT_PRODUCTS_DIR; };
/* End PBXFileReference section */

/* Begin PBXFrameworksBuildPhase section */
		92A93E192587BA3D001B9C4A /* Frameworks */ = {
			isa = PBXFrameworksBuildPhase;
			buildActionMask = 2147483647;
			files = (
				13DD2B1D747DA13F4A017898 /* Pods_Marvel.framework in Frameworks */,
			);
			runOnlyForDeploymentPostprocessing = 0;
		};
/* End PBXFrameworksBuildPhase section */

/* Begin PBXGroup section */
		50D14FC2AD1AF4C0BD113FA7 /* Pods */ = {
			isa = PBXGroup;
			children = (
				8F6D34F0A70C520BED7612A0 /* Pods-Marvel.debug.xcconfig */,
				0E6E8932C6A963E3F6F64A28 /* Pods-Marvel.release.xcconfig */,
			);
			path = Pods;
			sourceTree = "<group>";
		};
		686F304E7627B3AF43BC93DB /* Frameworks */ = {
			isa = PBXGroup;
			children = (
				B0921F4B29B92A5317F80767 /* Pods_Marvel.framework */,
			);
			name = Frameworks;
			sourceTree = "<group>";
		};
		92A93E132587BA3D001B9C4A = {
			isa = PBXGroup;
			children = (
				92A93E1E2587BA3D001B9C4A /* Marvel */,
				92A93E1D2587BA3D001B9C4A /* Products */,
				50D14FC2AD1AF4C0BD113FA7 /* Pods */,
				686F304E7627B3AF43BC93DB /* Frameworks */,
			);
			sourceTree = "<group>";
		};
		92A93E1D2587BA3D001B9C4A /* Products */ = {
			isa = PBXGroup;
			children = (
				92A93E1C2587BA3D001B9C4A /* Marvel.app */,
			);
			name = Products;
			sourceTree = "<group>";
		};
		92A93E1E2587BA3D001B9C4A /* Marvel */ = {
			isa = PBXGroup;
			children = (
				92A93E372587BA69001B9C4A /* Supporting files */,
				92A93E422587BBA3001B9C4A /* Models */,
				92A93E352587BA5B001B9C4A /* Controllers */,
				92A93E342587BA55001B9C4A /* Views */,
				92A93E402587BB5C001B9C4A /* ViewModels */,
				92A93E412587BB7A001B9C4A /* Services */,
				92A93E2D2587BA3F001B9C4A /* Info.plist */,
			);
			path = Marvel;
			sourceTree = "<group>";
		};
		92A93E342587BA55001B9C4A /* Views */ = {
			isa = PBXGroup;
			children = (
				92A93E252587BA3D001B9C4A /* Main.storyboard */,
				922FC4D22588E5E6000A1FB7 /* CharacterTableViewCell.swift */,
				92A93E4A2587BC46001B9C4A /* CharacterTableViewCell.xib */,
				922FC4DB2588E861000A1FB7 /* CreatorTableViewCell.swift */,
				922FC4DC2588E861000A1FB7 /* CreatorTableViewCell.xib */,
				922FC4EC2588F930000A1FB7 /* ComicsTableViewCell.swift */,
				922FC4ED2588F930000A1FB7 /* ComicsTableViewCell.xib */,
			);
			path = Views;
			sourceTree = "<group>";
		};
		92A93E352587BA5B001B9C4A /* Controllers */ = {
			isa = PBXGroup;
			children = (
				92A93E3A2587BB37001B9C4A /* CharactersViewController.swift */,
				92A93E3D2587BB44001B9C4A /* CreatorsViewController.swift */,
				925D509625891F0900A87F42 /* ComicsViewController.swift */,
			);
			path = Controllers;
			sourceTree = "<group>";
		};
		92A93E372587BA69001B9C4A /* Supporting files */ = {
			isa = PBXGroup;
			children = (
				92A93E1F2587BA3D001B9C4A /* AppDelegate.swift */,
				92A93E212587BA3D001B9C4A /* SceneDelegate.swift */,
				92A93E282587BA3F001B9C4A /* Assets.xcassets */,
				92A93E2A2587BA3F001B9C4A /* LaunchScreen.storyboard */,
				92A93E4E2587BC9C001B9C4A /* Keys.swift */,
				92A93E512587BCB3001B9C4A /* Constants.swift */,
				92A93E652587CAF4001B9C4A /* Enums.swift */,
				92A93E682587CB05001B9C4A /* Extensions.swift */,
			);
			path = "Supporting files";
			sourceTree = "<group>";
		};
		92A93E402587BB5C001B9C4A /* ViewModels */ = {
			isa = PBXGroup;
			children = (
				92A93E6B2587CB3F001B9C4A /* CharactersViewModel.swift */,
				924E3CE92588098F002946DB /* CharacterCellViewModel.swift */,
				922B6D162588E36500A22E5E /* CreatorsViewModel.swift */,
				922B6D192588E3F900A22E5E /* CreatorCellViewModel.swift */,
				922FC4F82588FD10000A1FB7 /* ComicsViewModel.swift */,
				922FC4FB258901DC000A1FB7 /* ComicsCellViewModel.swift */,
			);
			path = ViewModels;
			sourceTree = "<group>";
		};
		92A93E412587BB7A001B9C4A /* Services */ = {
			isa = PBXGroup;
			children = (
				92A93E5E2587CA2E001B9C4A /* MarvelService.swift */,
			);
			path = Services;
			sourceTree = "<group>";
		};
		92A93E422587BBA3001B9C4A /* Models */ = {
			isa = PBXGroup;
			children = (
				92A93E542587C994001B9C4A /* Characters.swift */,
				92A93E572587C9B2001B9C4A /* Creators.swift */,
				922FC4E42588F440000A1FB7 /* Comics.swift */,
				922FC4E12588F338000A1FB7 /* ComicsMember.swift */,
				92A93E5B2587C9C2001B9C4A /* Thumbnail.swift */,
			);
			path = Models;
			sourceTree = "<group>";
		};
/* End PBXGroup section */

/* Begin PBXNativeTarget section */
		92A93E1B2587BA3D001B9C4A /* Marvel */ = {
			isa = PBXNativeTarget;
			buildConfigurationList = 92A93E302587BA3F001B9C4A /* Build configuration list for PBXNativeTarget "Marvel" */;
			buildPhases = (
				43B944E25BB17943771D80A1 /* [CP] Check Pods Manifest.lock */,
				92A93E182587BA3D001B9C4A /* Sources */,
				92A93E192587BA3D001B9C4A /* Frameworks */,
				92A93E1A2587BA3D001B9C4A /* Resources */,
				6C70533D1FCFADC3324D3DBA /* [CP] Embed Pods Frameworks */,
			);
			buildRules = (
			);
			dependencies = (
			);
			name = Marvel;
			productName = Marvel;
			productReference = 92A93E1C2587BA3D001B9C4A /* Marvel.app */;
			productType = "com.apple.product-type.application";
		};
/* End PBXNativeTarget section */

/* Begin PBXProject section */
		92A93E142587BA3D001B9C4A /* Project object */ = {
			isa = PBXProject;
			attributes = {
				LastSwiftUpdateCheck = 1220;
				LastUpgradeCheck = 1220;
				TargetAttributes = {
					92A93E1B2587BA3D001B9C4A = {
						CreatedOnToolsVersion = 12.2;
					};
				};
			};
			buildConfigurationList = 92A93E172587BA3D001B9C4A /* Build configuration list for PBXProject "Marvel" */;
			compatibilityVersion = "Xcode 9.3";
			developmentRegion = en;
			hasScannedForEncodings = 0;
			knownRegions = (
				en,
				Base,
			);
			mainGroup = 92A93E132587BA3D001B9C4A;
			productRefGroup = 92A93E1D2587BA3D001B9C4A /* Products */;
			projectDirPath = "";
			projectRoot = "";
			targets = (
				92A93E1B2587BA3D001B9C4A /* Marvel */,
			);
		};
/* End PBXProject section */

/* Begin PBXResourcesBuildPhase section */
		92A93E1A2587BA3D001B9C4A /* Resources */ = {
			isa = PBXResourcesBuildPhase;
			buildActionMask = 2147483647;
			files = (
				92A93E2C2587BA3F001B9C4A /* LaunchScreen.storyboard in Resources */,
				922FC4EF2588F930000A1FB7 /* ComicsTableViewCell.xib in Resources */,
				92A93E292587BA3F001B9C4A /* Assets.xcassets in Resources */,
				92A93E272587BA3D001B9C4A /* Main.storyboard in Resources */,
				922FC4DE2588E861000A1FB7 /* CreatorTableViewCell.xib in Resources */,
				92A93E4C2587BC46001B9C4A /* CharacterTableViewCell.xib in Resources */,
			);
			runOnlyForDeploymentPostprocessing = 0;
		};
/* End PBXResourcesBuildPhase section */

/* Begin PBXShellScriptBuildPhase section */
		43B944E25BB17943771D80A1 /* [CP] Check Pods Manifest.lock */ = {
			isa = PBXShellScriptBuildPhase;
			buildActionMask = 2147483647;
			files = (
			);
			inputFileListPaths = (
			);
			inputPaths = (
				"${PODS_PODFILE_DIR_PATH}/Podfile.lock",
				"${PODS_ROOT}/Manifest.lock",
			);
			name = "[CP] Check Pods Manifest.lock";
			outputFileListPaths = (
			);
			outputPaths = (
				"$(DERIVED_FILE_DIR)/Pods-Marvel-checkManifestLockResult.txt",
			);
			runOnlyForDeploymentPostprocessing = 0;
			shellPath = /bin/sh;
			shellScript = "diff \"${PODS_PODFILE_DIR_PATH}/Podfile.lock\" \"${PODS_ROOT}/Manifest.lock\" > /dev/null\nif [ $? != 0 ] ; then\n    # print error to STDERR\n    echo \"error: The sandbox is not in sync with the Podfile.lock. Run 'pod install' or update your CocoaPods installation.\" >&2\n    exit 1\nfi\n# This output is used by Xcode 'outputs' to avoid re-running this script phase.\necho \"SUCCESS\" > \"${SCRIPT_OUTPUT_FILE_0}\"\n";
			showEnvVarsInLog = 0;
		};
		6C70533D1FCFADC3324D3DBA /* [CP] Embed Pods Frameworks */ = {
			isa = PBXShellScriptBuildPhase;
			buildActionMask = 2147483647;
			files = (
			);
			inputFileListPaths = (
				"${PODS_ROOT}/Target Support Files/Pods-Marvel/Pods-Marvel-frameworks-${CONFIGURATION}-input-files.xcfilelist",
			);
			name = "[CP] Embed Pods Frameworks";
			outputFileListPaths = (
				"${PODS_ROOT}/Target Support Files/Pods-Marvel/Pods-Marvel-frameworks-${CONFIGURATION}-output-files.xcfilelist",
			);
			runOnlyForDeploymentPostprocessing = 0;
			shellPath = /bin/sh;
			shellScript = "\"${PODS_ROOT}/Target Support Files/Pods-Marvel/Pods-Marvel-frameworks.sh\"\n";
			showEnvVarsInLog = 0;
		};
/* End PBXShellScriptBuildPhase section */

/* Begin PBXSourcesBuildPhase section */
		92A93E182587BA3D001B9C4A /* Sources */ = {
			isa = PBXSourcesBuildPhase;
			buildActionMask = 2147483647;
			files = (
				922B6D172588E36500A22E5E /* CreatorsViewModel.swift in Sources */,
				92A93E5F2587CA2E001B9C4A /* MarvelService.swift in Sources */,
				922FC4DD2588E861000A1FB7 /* CreatorTableViewCell.swift in Sources */,
				92A93E4F2587BC9C001B9C4A /* Keys.swift in Sources */,
				92A93E202587BA3D001B9C4A /* AppDelegate.swift in Sources */,
				922FC4E52588F440000A1FB7 /* Comics.swift in Sources */,
				922B6D1A2588E3F900A22E5E /* CreatorCellViewModel.swift in Sources */,
				92A93E582587C9B2001B9C4A /* Creators.swift in Sources */,
				92A93E3E2587BB44001B9C4A /* CreatorsViewController.swift in Sources */,
				92A93E522587BCB3001B9C4A /* Constants.swift in Sources */,
				92A93E222587BA3D001B9C4A /* SceneDelegate.swift in Sources */,
				92A93E692587CB05001B9C4A /* Extensions.swift in Sources */,
				922FC4D32588E5E6000A1FB7 /* CharacterTableViewCell.swift in Sources */,
				922FC4F92588FD10000A1FB7 /* ComicsViewModel.swift in Sources */,
				92A93E6C2587CB3F001B9C4A /* CharactersViewModel.swift in Sources */,
				922FC4E22588F338000A1FB7 /* ComicsMember.swift in Sources */,
				922FC4EE2588F930000A1FB7 /* ComicsTableViewCell.swift in Sources */,
				92A93E3B2587BB37001B9C4A /* CharactersViewController.swift in Sources */,
				925D509725891F0900A87F42 /* ComicsViewController.swift in Sources */,
				92A93E5C2587C9C2001B9C4A /* Thumbnail.swift in Sources */,
				92A93E662587CAF4001B9C4A /* Enums.swift in Sources */,
				924E3CEA2588098F002946DB /* CharacterCellViewModel.swift in Sources */,
				922FC4FC258901DC000A1FB7 /* ComicsCellViewModel.swift in Sources */,
				92A93E552587C994001B9C4A /* Characters.swift in Sources */,
			);
			runOnlyForDeploymentPostprocessing = 0;
		};
/* End PBXSourcesBuildPhase section */

/* Begin PBXVariantGroup section */
		92A93E252587BA3D001B9C4A /* Main.storyboard */ = {
			isa = PBXVariantGroup;
			children = (
				92A93E262587BA3D001B9C4A /* Base */,
			);
			name = Main.storyboard;
			sourceTree = "<group>";
		};
		92A93E2A2587BA3F001B9C4A /* LaunchScreen.storyboard */ = {
			isa = PBXVariantGroup;
			children = (
				92A93E2B2587BA3F001B9C4A /* Base */,
			);
			name = LaunchScreen.storyboard;
			sourceTree = "<group>";
		};
/* End PBXVariantGroup section */

/* Begin XCBuildConfiguration section */
		92A93E2E2587BA3F001B9C4A /* Debug */ = {
			isa = XCBuildConfiguration;
			buildSettings = {
				ALWAYS_SEARCH_USER_PATHS = NO;
				CLANG_ANALYZER_NONNULL = YES;
				CLANG_ANALYZER_NUMBER_OBJECT_CONVERSION = YES_AGGRESSIVE;
				CLANG_CXX_LANGUAGE_STANDARD = "gnu++14";
				CLANG_CXX_LIBRARY = "libc++";
				CLANG_ENABLE_MODULES = YES;
				CLANG_ENABLE_OBJC_ARC = YES;
				CLANG_ENABLE_OBJC_WEAK = YES;
				CLANG_WARN_BLOCK_CAPTURE_AUTORELEASING = YES;
				CLANG_WARN_BOOL_CONVERSION = YES;
				CLANG_WARN_COMMA = YES;
				CLANG_WARN_CONSTANT_CONVERSION = YES;
				CLANG_WARN_DEPRECATED_OBJC_IMPLEMENTATIONS = YES;
				CLANG_WARN_DIRECT_OBJC_ISA_USAGE = YES_ERROR;
				CLANG_WARN_DOCUMENTATION_COMMENTS = YES;
				CLANG_WARN_EMPTY_BODY = YES;
				CLANG_WARN_ENUM_CONVERSION = YES;
				CLANG_WARN_INFINITE_RECURSION = YES;
				CLANG_WARN_INT_CONVERSION = YES;
				CLANG_WARN_NON_LITERAL_NULL_CONVERSION = YES;
				CLANG_WARN_OBJC_IMPLICIT_RETAIN_SELF = YES;
				CLANG_WARN_OBJC_LITERAL_CONVERSION = YES;
				CLANG_WARN_OBJC_ROOT_CLASS = YES_ERROR;
				CLANG_WARN_QUOTED_INCLUDE_IN_FRAMEWORK_HEADER = YES;
				CLANG_WARN_RANGE_LOOP_ANALYSIS = YES;
				CLANG_WARN_STRICT_PROTOTYPES = YES;
				CLANG_WARN_SUSPICIOUS_MOVE = YES;
				CLANG_WARN_UNGUARDED_AVAILABILITY = YES_AGGRESSIVE;
				CLANG_WARN_UNREACHABLE_CODE = YES;
				CLANG_WARN__DUPLICATE_METHOD_MATCH = YES;
				COPY_PHASE_STRIP = NO;
				DEBUG_INFORMATION_FORMAT = dwarf;
				ENABLE_STRICT_OBJC_MSGSEND = YES;
				ENABLE_TESTABILITY = YES;
				GCC_C_LANGUAGE_STANDARD = gnu11;
				GCC_DYNAMIC_NO_PIC = NO;
				GCC_NO_COMMON_BLOCKS = YES;
				GCC_OPTIMIZATION_LEVEL = 0;
				GCC_PREPROCESSOR_DEFINITIONS = (
					"DEBUG=1",
					"$(inherited)",
				);
				GCC_WARN_64_TO_32_BIT_CONVERSION = YES;
				GCC_WARN_ABOUT_RETURN_TYPE = YES_ERROR;
				GCC_WARN_UNDECLARED_SELECTOR = YES;
				GCC_WARN_UNINITIALIZED_AUTOS = YES_AGGRESSIVE;
				GCC_WARN_UNUSED_FUNCTION = YES;
				GCC_WARN_UNUSED_VARIABLE = YES;
				IPHONEOS_DEPLOYMENT_TARGET = 14.2;
				MTL_ENABLE_DEBUG_INFO = INCLUDE_SOURCE;
				MTL_FAST_MATH = YES;
				ONLY_ACTIVE_ARCH = YES;
				SDKROOT = iphoneos;
				SWIFT_ACTIVE_COMPILATION_CONDITIONS = DEBUG;
				SWIFT_OPTIMIZATION_LEVEL = "-Onone";
			};
			name = Debug;
		};
		92A93E2F2587BA3F001B9C4A /* Release */ = {
			isa = XCBuildConfiguration;
			buildSettings = {
				ALWAYS_SEARCH_USER_PATHS = NO;
				CLANG_ANALYZER_NONNULL = YES;
				CLANG_ANALYZER_NUMBER_OBJECT_CONVERSION = YES_AGGRESSIVE;
				CLANG_CXX_LANGUAGE_STANDARD = "gnu++14";
				CLANG_CXX_LIBRARY = "libc++";
				CLANG_ENABLE_MODULES = YES;
				CLANG_ENABLE_OBJC_ARC = YES;
				CLANG_ENABLE_OBJC_WEAK = YES;
				CLANG_WARN_BLOCK_CAPTURE_AUTORELEASING = YES;
				CLANG_WARN_BOOL_CONVERSION = YES;
				CLANG_WARN_COMMA = YES;
				CLANG_WARN_CONSTANT_CONVERSION = YES;
				CLANG_WARN_DEPRECATED_OBJC_IMPLEMENTATIONS = YES;
				CLANG_WARN_DIRECT_OBJC_ISA_USAGE = YES_ERROR;
				CLANG_WARN_DOCUMENTATION_COMMENTS = YES;
				CLANG_WARN_EMPTY_BODY = YES;
				CLANG_WARN_ENUM_CONVERSION = YES;
				CLANG_WARN_INFINITE_RECURSION = YES;
				CLANG_WARN_INT_CONVERSION = YES;
				CLANG_WARN_NON_LITERAL_NULL_CONVERSION = YES;
				CLANG_WARN_OBJC_IMPLICIT_RETAIN_SELF = YES;
				CLANG_WARN_OBJC_LITERAL_CONVERSION = YES;
				CLANG_WARN_OBJC_ROOT_CLASS = YES_ERROR;
				CLANG_WARN_QUOTED_INCLUDE_IN_FRAMEWORK_HEADER = YES;
				CLANG_WARN_RANGE_LOOP_ANALYSIS = YES;
				CLANG_WARN_STRICT_PROTOTYPES = YES;
				CLANG_WARN_SUSPICIOUS_MOVE = YES;
				CLANG_WARN_UNGUARDED_AVAILABILITY = YES_AGGRESSIVE;
				CLANG_WARN_UNREACHABLE_CODE = YES;
				CLANG_WARN__DUPLICATE_METHOD_MATCH = YES;
				COPY_PHASE_STRIP = NO;
				DEBUG_INFORMATION_FORMAT = "dwarf-with-dsym";
				ENABLE_NS_ASSERTIONS = NO;
				ENABLE_STRICT_OBJC_MSGSEND = YES;
				GCC_C_LANGUAGE_STANDARD = gnu11;
				GCC_NO_COMMON_BLOCKS = YES;
				GCC_WARN_64_TO_32_BIT_CONVERSION = YES;
				GCC_WARN_ABOUT_RETURN_TYPE = YES_ERROR;
				GCC_WARN_UNDECLARED_SELECTOR = YES;
				GCC_WARN_UNINITIALIZED_AUTOS = YES_AGGRESSIVE;
				GCC_WARN_UNUSED_FUNCTION = YES;
				GCC_WARN_UNUSED_VARIABLE = YES;
				IPHONEOS_DEPLOYMENT_TARGET = 14.2;
				MTL_ENABLE_DEBUG_INFO = NO;
				MTL_FAST_MATH = YES;
				SDKROOT = iphoneos;
				SWIFT_COMPILATION_MODE = wholemodule;
				SWIFT_OPTIMIZATION_LEVEL = "-O";
				VALIDATE_PRODUCT = YES;
			};
			name = Release;
		};
		92A93E312587BA3F001B9C4A /* Debug */ = {
			isa = XCBuildConfiguration;
			baseConfigurationReference = 8F6D34F0A70C520BED7612A0 /* Pods-Marvel.debug.xcconfig */;
			buildSettings = {
				ASSETCATALOG_COMPILER_APPICON_NAME = AppIcon;
				ASSETCATALOG_COMPILER_GLOBAL_ACCENT_COLOR_NAME = AccentColor;
				CODE_SIGN_STYLE = Automatic;
				DEVELOPMENT_TEAM = L9295BF929;
				INFOPLIST_FILE = Marvel/Info.plist;
				LD_RUNPATH_SEARCH_PATHS = (
					"$(inherited)",
					"@executable_path/Frameworks",
				);
				PRODUCT_BUNDLE_IDENTIFIER = com.olena.stepaniuk.Marvel;
				PRODUCT_NAME = "$(TARGET_NAME)";
				SWIFT_VERSION = 5.0;
				TARGETED_DEVICE_FAMILY = 1;
			};
			name = Debug;
		};
		92A93E322587BA3F001B9C4A /* Release */ = {
			isa = XCBuildConfiguration;
			baseConfigurationReference = 0E6E8932C6A963E3F6F64A28 /* Pods-Marvel.release.xcconfig */;
			buildSettings = {
				ASSETCATALOG_COMPILER_APPICON_NAME = AppIcon;
				ASSETCATALOG_COMPILER_GLOBAL_ACCENT_COLOR_NAME = AccentColor;
				CODE_SIGN_STYLE = Automatic;
				DEVELOPMENT_TEAM = L9295BF929;
				INFOPLIST_FILE = Marvel/Info.plist;
				LD_RUNPATH_SEARCH_PATHS = (
					"$(inherited)",
					"@executable_path/Frameworks",
				);
				PRODUCT_BUNDLE_IDENTIFIER = com.olena.stepaniuk.Marvel;
				PRODUCT_NAME = "$(TARGET_NAME)";
				SWIFT_VERSION = 5.0;
				TARGETED_DEVICE_FAMILY = 1;
			};
			name = Release;
		};
/* End XCBuildConfiguration section */

/* Begin XCConfigurationList section */
		92A93E172587BA3D001B9C4A /* Build configuration list for PBXProject "Marvel" */ = {
			isa = XCConfigurationList;
			buildConfigurations = (
				92A93E2E2587BA3F001B9C4A /* Debug */,
				92A93E2F2587BA3F001B9C4A /* Release */,
			);
			defaultConfigurationIsVisible = 0;
			defaultConfigurationName = Release;
		};
		92A93E302587BA3F001B9C4A /* Build configuration list for PBXNativeTarget "Marvel" */ = {
			isa = XCConfigurationList;
			buildConfigurations = (
				92A93E312587BA3F001B9C4A /* Debug */,
				92A93E322587BA3F001B9C4A /* Release */,
			);
			defaultConfigurationIsVisible = 0;
			defaultConfigurationName = Release;
		};
/* End XCConfigurationList section */
	};
	rootObject = 92A93E142587BA3D001B9C4A /* Project object */;
}
